{
  "requires": true,
  "lockfileVersion": 1,
  "dependencies": {
    "vue-fragment": {
      "version": "1.5.2",
      "resolved": "https://registry.npmjs.org/vue-fragment/-/vue-fragment-1.5.2.tgz",
      "integrity": "sha512-KEW0gkeNOLJjtXN4jqJhTazez5jtrwimHkE5Few/VxblH4F9EcvJiEsahrV5kg5uKd5U8du4ORKS6QjGE0piYA=="
    }
  }
}
